
Microsoft Visual Studio Solution File, Format Version 12.00
# Visual Studio Version 16
VisualStudioVersion = 16.0.30320.27
MinimumVisualStudioVersion = 10.0.40219.1
Project("{8BC9CEB8-8B4A-11D0-8D11-00A0C91BC942}") = "ass2", "ass2\ass2.vcxproj", "{01CFDE94-B6DB-49FF-9E0D-61A387E7787A}"
EndProject
Global
	GlobalSection(SolutionConfigurationPlatforms) = preSolution
		Debug|x64 = Debug|x64
		Debug|x86 = Debug|x86
		Release|x64 = Release|x64
		Release|x86 = Release|x86
	EndGlobalSection
	GlobalSection(ProjectConfigurationPlatforms) = postSolution
		{01CFDE94-B6DB-49FF-9E0D-61A387E7787A}.Debug|x64.ActiveCfg = Debug|x64
		{01CFDE94-B6DB-49FF-9E0D-61A387E7787A}.Debug|x64.Build.0 = Debug|x64
		{01CFDE94-B6DB-49FF-9E0D-61A387E7787A}.Debug|x86.ActiveCfg = Debug|Win32
		{01CFDE94-B6DB-49FF-9E0D-61A387E7787A}.Debug|x86.Build.0 = Debug|Win32
		{01CFDE94-B6DB-49FF-9E0D-61A387E7787A}.Release|x64.ActiveCfg = Release|x64
		{01CFDE94-B6DB-49FF-9E0D-61A387E7787A}.Release|x64.Build.0 = Release|x64
		{01CFDE94-B6DB-49FF-9E0D-61A387E7787A}.Release|x86.ActiveCfg = Release|Win32
		{01CFDE94-B6DB-49FF-9E0D-61A387E7787A}.Release|x86.Build.0 = Release|Win32
	EndGlobalSection
	GlobalSection(SolutionProperties) = preSolution
		HideSolutionNode = FALSE
	EndGlobalSection
	GlobalSection(ExtensibilityGlobals) = postSolution
		SolutionGuid = {2B48346A-C7F6-45FB-A89E-1C89A8BAB8DE}
	EndGlobalSection
EndGlobal
