
Microsoft Visual Studio Solution File, Format Version 12.00
# Visual Studio Version 16
VisualStudioVersion = 16.0.31624.102
MinimumVisualStudioVersion = 10.0.40219.1
Project("{8BC9CEB8-8B4A-11D0-8D11-00A0C91BC942}") = "lab07_Q1", "lab07_Q1\lab07_Q1.vcxproj", "{6C13E5BA-00C9-408C-922E-37472826749F}"
EndProject
Global
	GlobalSection(SolutionConfigurationPlatforms) = preSolution
		Debug|x64 = Debug|x64
		Debug|x86 = Debug|x86
		Release|x64 = Release|x64
		Release|x86 = Release|x86
	EndGlobalSection
	GlobalSection(ProjectConfigurationPlatforms) = postSolution
		{6C13E5BA-00C9-408C-922E-37472826749F}.Debug|x64.ActiveCfg = Debug|x64
		{6C13E5BA-00C9-408C-922E-37472826749F}.Debug|x64.Build.0 = Debug|x64
		{6C13E5BA-00C9-408C-922E-37472826749F}.Debug|x86.ActiveCfg = Debug|Win32
		{6C13E5BA-00C9-408C-922E-37472826749F}.Debug|x86.Build.0 = Debug|Win32
		{6C13E5BA-00C9-408C-922E-37472826749F}.Release|x64.ActiveCfg = Release|x64
		{6C13E5BA-00C9-408C-922E-37472826749F}.Release|x64.Build.0 = Release|x64
		{6C13E5BA-00C9-408C-922E-37472826749F}.Release|x86.ActiveCfg = Release|Win32
		{6C13E5BA-00C9-408C-922E-37472826749F}.Release|x86.Build.0 = Release|Win32
	EndGlobalSection
	GlobalSection(SolutionProperties) = preSolution
		HideSolutionNode = FALSE
	EndGlobalSection
	GlobalSection(ExtensibilityGlobals) = postSolution
		SolutionGuid = {21045E57-4CAC-4C40-967C-DFD1621EF22B}
	EndGlobalSection
EndGlobal
