
Microsoft Visual Studio Solution File, Format Version 12.00
# Visual Studio Version 16
VisualStudioVersion = 16.0.31410.357
MinimumVisualStudioVersion = 10.0.40219.1
Project("{8BC9CEB8-8B4A-11D0-8D11-00A0C91BC942}") = "lab1 part b", "lab1 part b\lab1 part b.vcxproj", "{FC11349B-61EA-40A0-A3F3-F15DCB190AC9}"
EndProject
Global
	GlobalSection(SolutionConfigurationPlatforms) = preSolution
		Debug|x64 = Debug|x64
		Debug|x86 = Debug|x86
		Release|x64 = Release|x64
		Release|x86 = Release|x86
	EndGlobalSection
	GlobalSection(ProjectConfigurationPlatforms) = postSolution
		{FC11349B-61EA-40A0-A3F3-F15DCB190AC9}.Debug|x64.ActiveCfg = Debug|x64
		{FC11349B-61EA-40A0-A3F3-F15DCB190AC9}.Debug|x64.Build.0 = Debug|x64
		{FC11349B-61EA-40A0-A3F3-F15DCB190AC9}.Debug|x86.ActiveCfg = Debug|Win32
		{FC11349B-61EA-40A0-A3F3-F15DCB190AC9}.Debug|x86.Build.0 = Debug|Win32
		{FC11349B-61EA-40A0-A3F3-F15DCB190AC9}.Release|x64.ActiveCfg = Release|x64
		{FC11349B-61EA-40A0-A3F3-F15DCB190AC9}.Release|x64.Build.0 = Release|x64
		{FC11349B-61EA-40A0-A3F3-F15DCB190AC9}.Release|x86.ActiveCfg = Release|Win32
		{FC11349B-61EA-40A0-A3F3-F15DCB190AC9}.Release|x86.Build.0 = Release|Win32
	EndGlobalSection
	GlobalSection(SolutionProperties) = preSolution
		HideSolutionNode = FALSE
	EndGlobalSection
	GlobalSection(ExtensibilityGlobals) = postSolution
		SolutionGuid = {7F018B19-F956-42B8-A817-13D0B3A1396F}
	EndGlobalSection
EndGlobal
